
Microsoft Visual Studio Solution File, Format Version 12.00
# Visual Studio Version 16
VisualStudioVersion = 16.0.32228.343
MinimumVisualStudioVersion = 10.0.40219.1
Project("{FAE04EC0-301F-11D3-BF4B-00C04F79EFBC}") = "Stack", "Stack\Stack.csproj", "{8CEC033E-9AE0-4B49-BA05-FE8CC80D9B85}"
EndProject
Global
	GlobalSection(SolutionConfigurationPlatforms) = preSolution
		Debug|Any CPU = Debug|Any CPU
		Release|Any CPU = Release|Any CPU
	EndGlobalSection
	GlobalSection(ProjectConfigurationPlatforms) = postSolution
		{8CEC033E-9AE0-4B49-BA05-FE8CC80D9B85}.Debug|Any CPU.ActiveCfg = Debug|Any CPU
		{8CEC033E-9AE0-4B49-BA05-FE8CC80D9B85}.Debug|Any CPU.Build.0 = Debug|Any CPU
		{8CEC033E-9AE0-4B49-BA05-FE8CC80D9B85}.Release|Any CPU.ActiveCfg = Release|Any CPU
		{8CEC033E-9AE0-4B49-BA05-FE8CC80D9B85}.Release|Any CPU.Build.0 = Release|Any CPU
	EndGlobalSection
	GlobalSection(SolutionProperties) = preSolution
		HideSolutionNode = FALSE
	EndGlobalSection
	GlobalSection(ExtensibilityGlobals) = postSolution
		SolutionGuid = {EF7A201A-BED8-4F12-93B9-A19AE76766E1}
	EndGlobalSection
EndGlobal
